
Microsoft Visual Studio Solution File, Format Version 12.00
# Visual Studio Version 16
VisualStudioVersion = 16.0.29326.143
MinimumVisualStudioVersion = 10.0.40219.1
Project("{2150E333-8FDC-42A3-9474-1A3956D46DE8}") = "01_Core", "01_Core", "{40E8B0BC-957B-47A0-8E51-DF39882440E8}"
EndProject
Project("{2150E333-8FDC-42A3-9474-1A3956D46DE8}") = "02_Infrastructure", "02_Infrastructure", "{6334FBE5-27EC-45F4-88CF-598477BF4F9C}"
EndProject
Project("{FAE04EC0-301F-11D3-BF4B-00C04F79EFBC}") = "Demo.Core.Enitites", "Demo.Core.Enitites\Demo.Core.Enitites.csproj", "{9A362351-00C5-4AF4-9FF1-C6DB03D82CC8}"
EndProject
Project("{FAE04EC0-301F-11D3-BF4B-00C04F79EFBC}") = "Demo.Core.Contract", "Demo.Core.Infrastructure\Demo.Core.Contract.csproj", "{097635C5-A7A1-4B45-B136-BCB0F5346EA7}"
EndProject
Project("{FAE04EC0-301F-11D3-BF4B-00C04F79EFBC}") = "Core.Infrasture.Data", "Core.Infrasture.Data\Core.Infrasture.Data.csproj", "{8D2A834E-75F7-487B-BC19-1B438D3EF2F6}"
EndProject
Global
	GlobalSection(SolutionConfigurationPlatforms) = preSolution
		Debug|Any CPU = Debug|Any CPU
		Release|Any CPU = Release|Any CPU
	EndGlobalSection
	GlobalSection(ProjectConfigurationPlatforms) = postSolution
		{9A362351-00C5-4AF4-9FF1-C6DB03D82CC8}.Debug|Any CPU.ActiveCfg = Debug|Any CPU
		{9A362351-00C5-4AF4-9FF1-C6DB03D82CC8}.Debug|Any CPU.Build.0 = Debug|Any CPU
		{9A362351-00C5-4AF4-9FF1-C6DB03D82CC8}.Release|Any CPU.ActiveCfg = Release|Any CPU
		{9A362351-00C5-4AF4-9FF1-C6DB03D82CC8}.Release|Any CPU.Build.0 = Release|Any CPU
		{097635C5-A7A1-4B45-B136-BCB0F5346EA7}.Debug|Any CPU.ActiveCfg = Debug|Any CPU
		{097635C5-A7A1-4B45-B136-BCB0F5346EA7}.Debug|Any CPU.Build.0 = Debug|Any CPU
		{097635C5-A7A1-4B45-B136-BCB0F5346EA7}.Release|Any CPU.ActiveCfg = Release|Any CPU
		{097635C5-A7A1-4B45-B136-BCB0F5346EA7}.Release|Any CPU.Build.0 = Release|Any CPU
		{8D2A834E-75F7-487B-BC19-1B438D3EF2F6}.Debug|Any CPU.ActiveCfg = Debug|Any CPU
		{8D2A834E-75F7-487B-BC19-1B438D3EF2F6}.Debug|Any CPU.Build.0 = Debug|Any CPU
		{8D2A834E-75F7-487B-BC19-1B438D3EF2F6}.Release|Any CPU.ActiveCfg = Release|Any CPU
		{8D2A834E-75F7-487B-BC19-1B438D3EF2F6}.Release|Any CPU.Build.0 = Release|Any CPU
	EndGlobalSection
	GlobalSection(SolutionProperties) = preSolution
		HideSolutionNode = FALSE
	EndGlobalSection
	GlobalSection(NestedProjects) = preSolution
		{9A362351-00C5-4AF4-9FF1-C6DB03D82CC8} = {40E8B0BC-957B-47A0-8E51-DF39882440E8}
		{097635C5-A7A1-4B45-B136-BCB0F5346EA7} = {40E8B0BC-957B-47A0-8E51-DF39882440E8}
		{8D2A834E-75F7-487B-BC19-1B438D3EF2F6} = {6334FBE5-27EC-45F4-88CF-598477BF4F9C}
	EndGlobalSection
	GlobalSection(ExtensibilityGlobals) = postSolution
		SolutionGuid = {884B1929-3E74-47FA-BBEC-EC21A65A5F8B}
	EndGlobalSection
EndGlobal
